
Microsoft Visual Studio Solution File, Format Version 12.00
# Visual Studio 14
VisualStudioVersion = 14.0.24720.0
MinimumVisualStudioVersion = 10.0.40219.1
Project("{8BC9CEB8-8B4A-11D0-8D11-00A0C91BC942}") = "mygame", "mygame.vcxproj", "{3E59303B-16C5-46D2-9B54-0CD6806A811D}"
EndProject
Project("{8BC9CEB8-8B4A-11D0-8D11-00A0C91BC942}") = "FBAnimation", "..\..\fastbird-engine\FBAnimation\FBAnimation.vcxproj", "{6614B11E-13DB-40F6-B9DE-B3D47419D872}"
EndProject
Project("{8BC9CEB8-8B4A-11D0-8D11-00A0C91BC942}") = "FBAudioDebugger", "..\..\fastbird-engine\FBAudioDebugger\FBAudioDebugger.vcxproj", "{F9F07D33-7C6F-435F-8D08-B0530B3EE594}"
EndProject
Project("{8BC9CEB8-8B4A-11D0-8D11-00A0C91BC942}") = "FBAudioPlayer", "..\..\fastbird-engine\FBAudioPlayer\FBAudioPlayer.vcxproj", "{35BD3327-2FA4-4A92-8790-87ABB17E720B}"
EndProject
Project("{8BC9CEB8-8B4A-11D0-8D11-00A0C91BC942}") = "FBColladaImporter", "..\..\fastbird-engine\FBColladaImporter\FBColladaImporter.vcxproj", "{2D0D1E03-D6F8-44ED-8ADE-0EE9D4EF7BC9}"
EndProject
Project("{8BC9CEB8-8B4A-11D0-8D11-00A0C91BC942}") = "FBCommonHeaders", "..\..\fastbird-engine\FBCommonHeaders\FBCommonHeaders.vcxproj", "{EB75B2FD-4CE2-496F-9F5E-52285B811EB9}"
EndProject
Project("{8BC9CEB8-8B4A-11D0-8D11-00A0C91BC942}") = "FBConsole", "..\..\fastbird-engine\FBConsole\FBConsole.vcxproj", "{AE082870-0E26-479C-9AAB-C7D3C32A55CA}"
EndProject
Project("{8BC9CEB8-8B4A-11D0-8D11-00A0C91BC942}") = "FBDataPackerLib", "..\..\fastbird-engine\FBDataPackLib\fbd.vcxproj", "{0A08AF15-0F48-4402-902D-4151FA067F66}"
EndProject
Project("{8BC9CEB8-8B4A-11D0-8D11-00A0C91BC942}") = "FBDebugLib", "..\..\fastbird-engine\FBDebugLib\FBDebugLib.vcxproj", "{7DA79D73-7E78-48A6-A052-177CDF5E3B3C}"
EndProject
Project("{8BC9CEB8-8B4A-11D0-8D11-00A0C91BC942}") = "FBEngineFacade", "..\..\fastbird-engine\FBEngineFacade\FBEngineFacade.vcxproj", "{A7C70AFB-E23D-4D19-94E2-F70566155B26}"
EndProject
Project("{8BC9CEB8-8B4A-11D0-8D11-00A0C91BC942}") = "FBFileMonitor", "..\..\fastbird-engine\FBFileMonitor\FBFileMonitor.vcxproj", "{288DC950-FE81-430A-BA47-933CB0875E8E}"
EndProject
Project("{8BC9CEB8-8B4A-11D0-8D11-00A0C91BC942}") = "FBFileSystem", "..\..\fastbird-engine\FBFileSystem\FBFileSystem.vcxproj", "{970770A8-F3C4-43AD-B4A0-C076EC6FE610}"
EndProject
Project("{8BC9CEB8-8B4A-11D0-8D11-00A0C91BC942}") = "FBInputManager", "..\..\fastbird-engine\FBInputManager\FBInputManager.vcxproj", "{C8797AA0-B737-4F09-A6A4-131350B54BC9}"
EndProject
Project("{8BC9CEB8-8B4A-11D0-8D11-00A0C91BC942}") = "FBLua", "..\..\fastbird-engine\FBLua\FBLua.vcxproj", "{E6362F4A-1E01-45CD-87D3-D4A964683BD5}"
EndProject
Project("{8BC9CEB8-8B4A-11D0-8D11-00A0C91BC942}") = "FBLuaMathLib", "..\..\fastbird-engine\FBLuaMathLib\FBLuaMathLib.vcxproj", "{84A0648D-8E2E-4CCE-8264-E61EC504C1D3}"
EndProject
Project("{8BC9CEB8-8B4A-11D0-8D11-00A0C91BC942}") = "FBMathLib", "..\..\fastbird-engine\FBMathLib\FBMathLib.vcxproj", "{2DF8E079-28E5-4E7D-9C6A-FF87C1329EB5}"
EndProject
Project("{8BC9CEB8-8B4A-11D0-8D11-00A0C91BC942}") = "FBMemoryManagerLib", "..\..\fastbird-engine\FBMemoryManagerLib\FBMemoryManagerLib.vcxproj", "{5FE91C18-2729-4291-80FB-3400C58602B3}"
EndProject
Project("{8BC9CEB8-8B4A-11D0-8D11-00A0C91BC942}") = "FBNetwork", "..\..\fastbird-engine\FBNetwork\FBNetwork.vcxproj", "{E79B3357-2EC3-4CCC-8A89-FE18A1090465}"
EndProject
Project("{8BC9CEB8-8B4A-11D0-8D11-00A0C91BC942}") = "FBParticleSystem", "..\..\fastbird-engine\FBParticleSystem\FBParticleSystem.vcxproj", "{7D3A3D30-B44B-4508-8758-77F9DB92B2F4}"
EndProject
Project("{8BC9CEB8-8B4A-11D0-8D11-00A0C91BC942}") = "FBPhysics", "..\..\fastbird-engine\FBPhysics\FBPhysics.vcxproj", "{4A267C37-17E9-4CBE-A351-86874BA926D7}"
EndProject
Project("{8BC9CEB8-8B4A-11D0-8D11-00A0C91BC942}") = "FBRenderer", "..\..\fastbird-engine\FBRenderer\FBRenderer.vcxproj", "{FD658A50-2D36-4BB4-8EDA-635BF71B4CDB}"
EndProject
Project("{8BC9CEB8-8B4A-11D0-8D11-00A0C91BC942}") = "FBRendererD3D11", "..\..\fastbird-engine\FBRendererD3D11\FBRendererD3D11.vcxproj", "{5C440513-1E58-48E7-9C0D-A22ACD67B5C2}"
EndProject
Project("{8BC9CEB8-8B4A-11D0-8D11-00A0C91BC942}") = "FBSceneManager", "..\..\fastbird-engine\FBSceneManager\FBSceneManager.vcxproj", "{E1F08226-828D-4354-8128-2AE1B91FBD4F}"
EndProject
Project("{8BC9CEB8-8B4A-11D0-8D11-00A0C91BC942}") = "FBSceneObjectFactory", "..\..\fastbird-engine\FBSceneObjectFactory\FBSceneObjectFactory.vcxproj", "{FE014A80-D3A5-4C84-A085-B7F48F0C9DBD}"
EndProject
Project("{8BC9CEB8-8B4A-11D0-8D11-00A0C91BC942}") = "FBSerializationLib", "..\..\fastbird-engine\FBSerializationLib\FBSerializationLib.vcxproj", "{9A6533F2-0D9F-4310-8626-42B27B5546D3}"
EndProject
Project("{8BC9CEB8-8B4A-11D0-8D11-00A0C91BC942}") = "FBStringLib", "..\..\fastbird-engine\FBStringLib\FBStringLib.vcxproj", "{97920097-3E86-410D-8D98-A2ECAD02A35F}"
EndProject
Project("{8BC9CEB8-8B4A-11D0-8D11-00A0C91BC942}") = "FBStringMathLib", "..\..\fastbird-engine\FBStringMathLib\FBStringMathLib.vcxproj", "{58935F99-A95D-4DA2-BAA8-6E2F263C8E24}"
EndProject
Project("{8BC9CEB8-8B4A-11D0-8D11-00A0C91BC942}") = "FBSystemLib", "..\..\fastbird-engine\FBSystemLib\FBSystemLib.vcxproj", "{2E1E0F10-B5EA-4EEC-AAB9-C0DCBF67B306}"
EndProject
Project("{8BC9CEB8-8B4A-11D0-8D11-00A0C91BC942}") = "FBThread", "..\..\fastbird-engine\FBThread\FBThread.vcxproj", "{1582AC48-8338-476D-82F9-673ED6EF0F2E}"
EndProject
Project("{8BC9CEB8-8B4A-11D0-8D11-00A0C91BC942}") = "FBTimer", "..\..\fastbird-engine\FBTimer\FBTimer.vcxproj", "{E828F5FB-D914-4891-8BE0-737DD73F06AB}"
EndProject
Project("{8BC9CEB8-8B4A-11D0-8D11-00A0C91BC942}") = "FBUI", "..\..\fastbird-engine\FBUI\FBUI.vcxproj", "{33E3F11C-2671-4378-A346-EACEFB26D0C7}"
EndProject
Project("{8BC9CEB8-8B4A-11D0-8D11-00A0C91BC942}") = "FBVideoPlayer", "..\..\fastbird-engine\FBVideoPlayer\FBVideoPlayer.vcxproj", "{086F3AFE-4515-4327-9B8A-C083B6EC8A05}"
EndProject
Project("{8BC9CEB8-8B4A-11D0-8D11-00A0C91BC942}") = "TinyXmlLib", "..\..\fastbird-engine\TinyXmlLib\TinyXmlLib.vcxproj", "{23117A44-391E-4542-968F-C99C1BAC52C0}"
EndProject
Project("{2150E333-8FDC-42A3-9474-1A3956D46DE8}") = "FBEngine", "FBEngine", "{02FD809D-A697-42AE-AECE-C5DEDB4663D5}"
EndProject
Project("{2150E333-8FDC-42A3-9474-1A3956D46DE8}") = "Core", "Core", "{585D5F90-1201-4532-A07C-5DEFE63B8801}"
EndProject
Project("{2150E333-8FDC-42A3-9474-1A3956D46DE8}") = "Engine", "Engine", "{5D8B0878-7665-4653-8F22-84FBD6397D96}"
EndProject
Project("{2150E333-8FDC-42A3-9474-1A3956D46DE8}") = "Facade", "Facade", "{F99303E5-6D11-4084-A512-57040D2BF8A3}"
EndProject
Global
	GlobalSection(SolutionConfigurationPlatforms) = preSolution
		Debug|x64 = Debug|x64
		Debug|x86 = Debug|x86
		Release_NoOpt|x64 = Release_NoOpt|x64
		Release_NoOpt|x86 = Release_NoOpt|x86
		Release|x64 = Release|x64
		Release|x86 = Release|x86
	EndGlobalSection
	GlobalSection(ProjectConfigurationPlatforms) = postSolution
		{3E59303B-16C5-46D2-9B54-0CD6806A811D}.Debug|x64.ActiveCfg = Debug|x64
		{3E59303B-16C5-46D2-9B54-0CD6806A811D}.Debug|x64.Build.0 = Debug|x64
		{3E59303B-16C5-46D2-9B54-0CD6806A811D}.Debug|x86.ActiveCfg = Debug|Win32
		{3E59303B-16C5-46D2-9B54-0CD6806A811D}.Debug|x86.Build.0 = Debug|Win32
		{3E59303B-16C5-46D2-9B54-0CD6806A811D}.Release_NoOpt|x64.ActiveCfg = Release|x64
		{3E59303B-16C5-46D2-9B54-0CD6806A811D}.Release_NoOpt|x64.Build.0 = Release|x64
		{3E59303B-16C5-46D2-9B54-0CD6806A811D}.Release_NoOpt|x86.ActiveCfg = Release|Win32
		{3E59303B-16C5-46D2-9B54-0CD6806A811D}.Release_NoOpt|x86.Build.0 = Release|Win32
		{3E59303B-16C5-46D2-9B54-0CD6806A811D}.Release|x64.ActiveCfg = Release|x64
		{3E59303B-16C5-46D2-9B54-0CD6806A811D}.Release|x64.Build.0 = Release|x64
		{3E59303B-16C5-46D2-9B54-0CD6806A811D}.Release|x86.ActiveCfg = Release|Win32
		{3E59303B-16C5-46D2-9B54-0CD6806A811D}.Release|x86.Build.0 = Release|Win32
		{6614B11E-13DB-40F6-B9DE-B3D47419D872}.Debug|x64.ActiveCfg = Debug|x64
		{6614B11E-13DB-40F6-B9DE-B3D47419D872}.Debug|x64.Build.0 = Debug|x64
		{6614B11E-13DB-40F6-B9DE-B3D47419D872}.Debug|x86.ActiveCfg = Debug|Win32
		{6614B11E-13DB-40F6-B9DE-B3D47419D872}.Release_NoOpt|x64.ActiveCfg = Release_NoOpt|x64
		{6614B11E-13DB-40F6-B9DE-B3D47419D872}.Release_NoOpt|x64.Build.0 = Release_NoOpt|x64
		{6614B11E-13DB-40F6-B9DE-B3D47419D872}.Release_NoOpt|x86.ActiveCfg = Release_NoOpt|Win32
		{6614B11E-13DB-40F6-B9DE-B3D47419D872}.Release|x64.ActiveCfg = Release|x64
		{6614B11E-13DB-40F6-B9DE-B3D47419D872}.Release|x64.Build.0 = Release|x64
		{6614B11E-13DB-40F6-B9DE-B3D47419D872}.Release|x86.ActiveCfg = Release|Win32
		{F9F07D33-7C6F-435F-8D08-B0530B3EE594}.Debug|x64.ActiveCfg = Debug|x64
		{F9F07D33-7C6F-435F-8D08-B0530B3EE594}.Debug|x64.Build.0 = Debug|x64
		{F9F07D33-7C6F-435F-8D08-B0530B3EE594}.Debug|x86.ActiveCfg = Debug|Win32
		{F9F07D33-7C6F-435F-8D08-B0530B3EE594}.Release_NoOpt|x64.ActiveCfg = Release_NoOpt|x64
		{F9F07D33-7C6F-435F-8D08-B0530B3EE594}.Release_NoOpt|x64.Build.0 = Release_NoOpt|x64
		{F9F07D33-7C6F-435F-8D08-B0530B3EE594}.Release_NoOpt|x86.ActiveCfg = Release_NoOpt|Win32
		{F9F07D33-7C6F-435F-8D08-B0530B3EE594}.Release|x64.ActiveCfg = Release|x64
		{F9F07D33-7C6F-435F-8D08-B0530B3EE594}.Release|x64.Build.0 = Release|x64
		{F9F07D33-7C6F-435F-8D08-B0530B3EE594}.Release|x86.ActiveCfg = Release|Win32
		{35BD3327-2FA4-4A92-8790-87ABB17E720B}.Debug|x64.ActiveCfg = Debug|x64
		{35BD3327-2FA4-4A92-8790-87ABB17E720B}.Debug|x64.Build.0 = Debug|x64
		{35BD3327-2FA4-4A92-8790-87ABB17E720B}.Debug|x86.ActiveCfg = Debug|Win32
		{35BD3327-2FA4-4A92-8790-87ABB17E720B}.Release_NoOpt|x64.ActiveCfg = Release_NoOpt|x64
		{35BD3327-2FA4-4A92-8790-87ABB17E720B}.Release_NoOpt|x64.Build.0 = Release_NoOpt|x64
		{35BD3327-2FA4-4A92-8790-87ABB17E720B}.Release_NoOpt|x86.ActiveCfg = Release_NoOpt|Win32
		{35BD3327-2FA4-4A92-8790-87ABB17E720B}.Release|x64.ActiveCfg = Release|x64
		{35BD3327-2FA4-4A92-8790-87ABB17E720B}.Release|x64.Build.0 = Release|x64
		{35BD3327-2FA4-4A92-8790-87ABB17E720B}.Release|x86.ActiveCfg = Release|Win32
		{2D0D1E03-D6F8-44ED-8ADE-0EE9D4EF7BC9}.Debug|x64.ActiveCfg = Debug|x64
		{2D0D1E03-D6F8-44ED-8ADE-0EE9D4EF7BC9}.Debug|x64.Build.0 = Debug|x64
		{2D0D1E03-D6F8-44ED-8ADE-0EE9D4EF7BC9}.Debug|x86.ActiveCfg = Debug|Win32
		{2D0D1E03-D6F8-44ED-8ADE-0EE9D4EF7BC9}.Release_NoOpt|x64.ActiveCfg = Release_NoOpt|x64
		{2D0D1E03-D6F8-44ED-8ADE-0EE9D4EF7BC9}.Release_NoOpt|x64.Build.0 = Release_NoOpt|x64
		{2D0D1E03-D6F8-44ED-8ADE-0EE9D4EF7BC9}.Release_NoOpt|x86.ActiveCfg = Release_NoOpt|Win32
		{2D0D1E03-D6F8-44ED-8ADE-0EE9D4EF7BC9}.Release|x64.ActiveCfg = Release|x64
		{2D0D1E03-D6F8-44ED-8ADE-0EE9D4EF7BC9}.Release|x64.Build.0 = Release|x64
		{2D0D1E03-D6F8-44ED-8ADE-0EE9D4EF7BC9}.Release|x86.ActiveCfg = Release|Win32
		{EB75B2FD-4CE2-496F-9F5E-52285B811EB9}.Debug|x64.ActiveCfg = Debug|x64
		{EB75B2FD-4CE2-496F-9F5E-52285B811EB9}.Debug|x64.Build.0 = Debug|x64
		{EB75B2FD-4CE2-496F-9F5E-52285B811EB9}.Debug|x86.ActiveCfg = Debug|Win32
		{EB75B2FD-4CE2-496F-9F5E-52285B811EB9}.Release_NoOpt|x64.ActiveCfg = Release_NoOpt|x64
		{EB75B2FD-4CE2-496F-9F5E-52285B811EB9}.Release_NoOpt|x64.Build.0 = Release_NoOpt|x64
		{EB75B2FD-4CE2-496F-9F5E-52285B811EB9}.Release_NoOpt|x86.ActiveCfg = Release_NoOpt|Win32
		{EB75B2FD-4CE2-496F-9F5E-52285B811EB9}.Release|x64.ActiveCfg = Release|x64
		{EB75B2FD-4CE2-496F-9F5E-52285B811EB9}.Release|x64.Build.0 = Release|x64
		{EB75B2FD-4CE2-496F-9F5E-52285B811EB9}.Release|x86.ActiveCfg = Release|Win32
		{AE082870-0E26-479C-9AAB-C7D3C32A55CA}.Debug|x64.ActiveCfg = Debug|x64
		{AE082870-0E26-479C-9AAB-C7D3C32A55CA}.Debug|x64.Build.0 = Debug|x64
		{AE082870-0E26-479C-9AAB-C7D3C32A55CA}.Debug|x86.ActiveCfg = Debug|Win32
		{AE082870-0E26-479C-9AAB-C7D3C32A55CA}.Release_NoOpt|x64.ActiveCfg = Release_NoOpt|x64
		{AE082870-0E26-479C-9AAB-C7D3C32A55CA}.Release_NoOpt|x64.Build.0 = Release_NoOpt|x64
		{AE082870-0E26-479C-9AAB-C7D3C32A55CA}.Release_NoOpt|x86.ActiveCfg = Release_NoOpt|Win32
		{AE082870-0E26-479C-9AAB-C7D3C32A55CA}.Release|x64.ActiveCfg = Release|x64
		{AE082870-0E26-479C-9AAB-C7D3C32A55CA}.Release|x64.Build.0 = Release|x64
		{AE082870-0E26-479C-9AAB-C7D3C32A55CA}.Release|x86.ActiveCfg = Release|Win32
		{0A08AF15-0F48-4402-902D-4151FA067F66}.Debug|x64.ActiveCfg = Debug|x64
		{0A08AF15-0F48-4402-902D-4151FA067F66}.Debug|x64.Build.0 = Debug|x64
		{0A08AF15-0F48-4402-902D-4151FA067F66}.Debug|x86.ActiveCfg = Debug|Win32
		{0A08AF15-0F48-4402-902D-4151FA067F66}.Release_NoOpt|x64.ActiveCfg = Release_NoOpt|x64
		{0A08AF15-0F48-4402-902D-4151FA067F66}.Release_NoOpt|x64.Build.0 = Release_NoOpt|x64
		{0A08AF15-0F48-4402-902D-4151FA067F66}.Release_NoOpt|x86.ActiveCfg = Release_NoOpt|Win32
		{0A08AF15-0F48-4402-902D-4151FA067F66}.Release|x64.ActiveCfg = Release|x64
		{0A08AF15-0F48-4402-902D-4151FA067F66}.Release|x64.Build.0 = Release|x64
		{0A08AF15-0F48-4402-902D-4151FA067F66}.Release|x86.ActiveCfg = Release|Win32
		{7DA79D73-7E78-48A6-A052-177CDF5E3B3C}.Debug|x64.ActiveCfg = Debug|x64
		{7DA79D73-7E78-48A6-A052-177CDF5E3B3C}.Debug|x64.Build.0 = Debug|x64
		{7DA79D73-7E78-48A6-A052-177CDF5E3B3C}.Debug|x86.ActiveCfg = Debug|Win32
		{7DA79D73-7E78-48A6-A052-177CDF5E3B3C}.Release_NoOpt|x64.ActiveCfg = Release_NoOpt|x64
		{7DA79D73-7E78-48A6-A052-177CDF5E3B3C}.Release_NoOpt|x64.Build.0 = Release_NoOpt|x64
		{7DA79D73-7E78-48A6-A052-177CDF5E3B3C}.Release_NoOpt|x86.ActiveCfg = Release_NoOpt|Win32
		{7DA79D73-7E78-48A6-A052-177CDF5E3B3C}.Release|x64.ActiveCfg = Release|x64
		{7DA79D73-7E78-48A6-A052-177CDF5E3B3C}.Release|x64.Build.0 = Release|x64
		{7DA79D73-7E78-48A6-A052-177CDF5E3B3C}.Release|x86.ActiveCfg = Release|Win32
		{A7C70AFB-E23D-4D19-94E2-F70566155B26}.Debug|x64.ActiveCfg = Debug|x64
		{A7C70AFB-E23D-4D19-94E2-F70566155B26}.Debug|x64.Build.0 = Debug|x64
		{A7C70AFB-E23D-4D19-94E2-F70566155B26}.Debug|x86.ActiveCfg = Debug|Win32
		{A7C70AFB-E23D-4D19-94E2-F70566155B26}.Release_NoOpt|x64.ActiveCfg = Release_NoOpt|x64
		{A7C70AFB-E23D-4D19-94E2-F70566155B26}.Release_NoOpt|x64.Build.0 = Release_NoOpt|x64
		{A7C70AFB-E23D-4D19-94E2-F70566155B26}.Release_NoOpt|x86.ActiveCfg = Release_NoOpt|Win32
		{A7C70AFB-E23D-4D19-94E2-F70566155B26}.Release|x64.ActiveCfg = Release|x64
		{A7C70AFB-E23D-4D19-94E2-F70566155B26}.Release|x64.Build.0 = Release|x64
		{A7C70AFB-E23D-4D19-94E2-F70566155B26}.Release|x86.ActiveCfg = Release|Win32
		{288DC950-FE81-430A-BA47-933CB0875E8E}.Debug|x64.ActiveCfg = Debug|x64
		{288DC950-FE81-430A-BA47-933CB0875E8E}.Debug|x64.Build.0 = Debug|x64
		{288DC950-FE81-430A-BA47-933CB0875E8E}.Debug|x86.ActiveCfg = Debug|Win32
		{288DC950-FE81-430A-BA47-933CB0875E8E}.Release_NoOpt|x64.ActiveCfg = Release_NoOpt|x64
		{288DC950-FE81-430A-BA47-933CB0875E8E}.Release_NoOpt|x64.Build.0 = Release_NoOpt|x64
		{288DC950-FE81-430A-BA47-933CB0875E8E}.Release_NoOpt|x86.ActiveCfg = Release_NoOpt|Win32
		{288DC950-FE81-430A-BA47-933CB0875E8E}.Release|x64.ActiveCfg = Release|x64
		{288DC950-FE81-430A-BA47-933CB0875E8E}.Release|x64.Build.0 = Release|x64
		{288DC950-FE81-430A-BA47-933CB0875E8E}.Release|x86.ActiveCfg = Release|Win32
		{970770A8-F3C4-43AD-B4A0-C076EC6FE610}.Debug|x64.ActiveCfg = Debug|x64
		{970770A8-F3C4-43AD-B4A0-C076EC6FE610}.Debug|x64.Build.0 = Debug|x64
		{970770A8-F3C4-43AD-B4A0-C076EC6FE610}.Debug|x86.ActiveCfg = Debug|Win32
		{970770A8-F3C4-43AD-B4A0-C076EC6FE610}.Release_NoOpt|x64.ActiveCfg = Release_NoOpt|x64
		{970770A8-F3C4-43AD-B4A0-C076EC6FE610}.Release_NoOpt|x64.Build.0 = Release_NoOpt|x64
		{970770A8-F3C4-43AD-B4A0-C076EC6FE610}.Release_NoOpt|x86.ActiveCfg = Release_NoOpt|Win32
		{970770A8-F3C4-43AD-B4A0-C076EC6FE610}.Release|x64.ActiveCfg = Release|x64
		{970770A8-F3C4-43AD-B4A0-C076EC6FE610}.Release|x64.Build.0 = Release|x64
		{970770A8-F3C4-43AD-B4A0-C076EC6FE610}.Release|x86.ActiveCfg = Release|Win32
		{C8797AA0-B737-4F09-A6A4-131350B54BC9}.Debug|x64.ActiveCfg = Debug|x64
		{C8797AA0-B737-4F09-A6A4-131350B54BC9}.Debug|x64.Build.0 = Debug|x64
		{C8797AA0-B737-4F09-A6A4-131350B54BC9}.Debug|x86.ActiveCfg = Debug|Win32
		{C8797AA0-B737-4F09-A6A4-131350B54BC9}.Release_NoOpt|x64.ActiveCfg = Release_NoOpt|x64
		{C8797AA0-B737-4F09-A6A4-131350B54BC9}.Release_NoOpt|x64.Build.0 = Release_NoOpt|x64
		{C8797AA0-B737-4F09-A6A4-131350B54BC9}.Release_NoOpt|x86.ActiveCfg = Release_NoOpt|Win32
		{C8797AA0-B737-4F09-A6A4-131350B54BC9}.Release|x64.ActiveCfg = Release|x64
		{C8797AA0-B737-4F09-A6A4-131350B54BC9}.Release|x64.Build.0 = Release|x64
		{C8797AA0-B737-4F09-A6A4-131350B54BC9}.Release|x86.ActiveCfg = Release|Win32
		{E6362F4A-1E01-45CD-87D3-D4A964683BD5}.Debug|x64.ActiveCfg = Debug|x64
		{E6362F4A-1E01-45CD-87D3-D4A964683BD5}.Debug|x64.Build.0 = Debug|x64
		{E6362F4A-1E01-45CD-87D3-D4A964683BD5}.Debug|x86.ActiveCfg = Debug|Win32
		{E6362F4A-1E01-45CD-87D3-D4A964683BD5}.Release_NoOpt|x64.ActiveCfg = Release_NoOpt|x64
		{E6362F4A-1E01-45CD-87D3-D4A964683BD5}.Release_NoOpt|x64.Build.0 = Release_NoOpt|x64
		{E6362F4A-1E01-45CD-87D3-D4A964683BD5}.Release_NoOpt|x86.ActiveCfg = Release_NoOpt|Win32
		{E6362F4A-1E01-45CD-87D3-D4A964683BD5}.Release|x64.ActiveCfg = Release|x64
		{E6362F4A-1E01-45CD-87D3-D4A964683BD5}.Release|x64.Build.0 = Release|x64
		{E6362F4A-1E01-45CD-87D3-D4A964683BD5}.Release|x86.ActiveCfg = Release|Win32
		{84A0648D-8E2E-4CCE-8264-E61EC504C1D3}.Debug|x64.ActiveCfg = Debug|x64
		{84A0648D-8E2E-4CCE-8264-E61EC504C1D3}.Debug|x64.Build.0 = Debug|x64
		{84A0648D-8E2E-4CCE-8264-E61EC504C1D3}.Debug|x86.ActiveCfg = Debug|Win32
		{84A0648D-8E2E-4CCE-8264-E61EC504C1D3}.Release_NoOpt|x64.ActiveCfg = Release_NoOpt|x64
		{84A0648D-8E2E-4CCE-8264-E61EC504C1D3}.Release_NoOpt|x64.Build.0 = Release_NoOpt|x64
		{84A0648D-8E2E-4CCE-8264-E61EC504C1D3}.Release_NoOpt|x86.ActiveCfg = Release_NoOpt|Win32
		{84A0648D-8E2E-4CCE-8264-E61EC504C1D3}.Release|x64.ActiveCfg = Release|x64
		{84A0648D-8E2E-4CCE-8264-E61EC504C1D3}.Release|x64.Build.0 = Release|x64
		{84A0648D-8E2E-4CCE-8264-E61EC504C1D3}.Release|x86.ActiveCfg = Release|Win32
		{2DF8E079-28E5-4E7D-9C6A-FF87C1329EB5}.Debug|x64.ActiveCfg = Debug|x64
		{2DF8E079-28E5-4E7D-9C6A-FF87C1329EB5}.Debug|x64.Build.0 = Debug|x64
		{2DF8E079-28E5-4E7D-9C6A-FF87C1329EB5}.Debug|x86.ActiveCfg = Debug|Win32
		{2DF8E079-28E5-4E7D-9C6A-FF87C1329EB5}.Release_NoOpt|x64.ActiveCfg = Release_NoOpt|x64
		{2DF8E079-28E5-4E7D-9C6A-FF87C1329EB5}.Release_NoOpt|x64.Build.0 = Release_NoOpt|x64
		{2DF8E079-28E5-4E7D-9C6A-FF87C1329EB5}.Release_NoOpt|x86.ActiveCfg = Release_NoOpt|Win32
		{2DF8E079-28E5-4E7D-9C6A-FF87C1329EB5}.Release|x64.ActiveCfg = Release|x64
		{2DF8E079-28E5-4E7D-9C6A-FF87C1329EB5}.Release|x64.Build.0 = Release|x64
		{2DF8E079-28E5-4E7D-9C6A-FF87C1329EB5}.Release|x86.ActiveCfg = Release|Win32
		{5FE91C18-2729-4291-80FB-3400C58602B3}.Debug|x64.ActiveCfg = Debug|x64
		{5FE91C18-2729-4291-80FB-3400C58602B3}.Debug|x64.Build.0 = Debug|x64
		{5FE91C18-2729-4291-80FB-3400C58602B3}.Debug|x86.ActiveCfg = Debug|Win32
		{5FE91C18-2729-4291-80FB-3400C58602B3}.Release_NoOpt|x64.ActiveCfg = Release_NoOpt|x64
		{5FE91C18-2729-4291-80FB-3400C58602B3}.Release_NoOpt|x64.Build.0 = Release_NoOpt|x64
		{5FE91C18-2729-4291-80FB-3400C58602B3}.Release_NoOpt|x86.ActiveCfg = Release_NoOpt|Win32
		{5FE91C18-2729-4291-80FB-3400C58602B3}.Release|x64.ActiveCfg = Release|x64
		{5FE91C18-2729-4291-80FB-3400C58602B3}.Release|x64.Build.0 = Release|x64
		{5FE91C18-2729-4291-80FB-3400C58602B3}.Release|x86.ActiveCfg = Release|Win32
		{E79B3357-2EC3-4CCC-8A89-FE18A1090465}.Debug|x64.ActiveCfg = Debug|x64
		{E79B3357-2EC3-4CCC-8A89-FE18A1090465}.Debug|x64.Build.0 = Debug|x64
		{E79B3357-2EC3-4CCC-8A89-FE18A1090465}.Debug|x86.ActiveCfg = Debug|Win32
		{E79B3357-2EC3-4CCC-8A89-FE18A1090465}.Release_NoOpt|x64.ActiveCfg = Release_NoOpt|x64
		{E79B3357-2EC3-4CCC-8A89-FE18A1090465}.Release_NoOpt|x64.Build.0 = Release_NoOpt|x64
		{E79B3357-2EC3-4CCC-8A89-FE18A1090465}.Release_NoOpt|x86.ActiveCfg = Release_NoOpt|Win32
		{E79B3357-2EC3-4CCC-8A89-FE18A1090465}.Release|x64.ActiveCfg = Release|x64
		{E79B3357-2EC3-4CCC-8A89-FE18A1090465}.Release|x64.Build.0 = Release|x64
		{E79B3357-2EC3-4CCC-8A89-FE18A1090465}.Release|x86.ActiveCfg = Release|Win32
		{7D3A3D30-B44B-4508-8758-77F9DB92B2F4}.Debug|x64.ActiveCfg = Debug|x64
		{7D3A3D30-B44B-4508-8758-77F9DB92B2F4}.Debug|x64.Build.0 = Debug|x64
		{7D3A3D30-B44B-4508-8758-77F9DB92B2F4}.Debug|x86.ActiveCfg = Debug|Win32
		{7D3A3D30-B44B-4508-8758-77F9DB92B2F4}.Release_NoOpt|x64.ActiveCfg = Release_NoOpt|x64
		{7D3A3D30-B44B-4508-8758-77F9DB92B2F4}.Release_NoOpt|x64.Build.0 = Release_NoOpt|x64
		{7D3A3D30-B44B-4508-8758-77F9DB92B2F4}.Release_NoOpt|x86.ActiveCfg = Release_NoOpt|Win32
		{7D3A3D30-B44B-4508-8758-77F9DB92B2F4}.Release|x64.ActiveCfg = Release|x64
		{7D3A3D30-B44B-4508-8758-77F9DB92B2F4}.Release|x64.Build.0 = Release|x64
		{7D3A3D30-B44B-4508-8758-77F9DB92B2F4}.Release|x86.ActiveCfg = Release|Win32
		{4A267C37-17E9-4CBE-A351-86874BA926D7}.Debug|x64.ActiveCfg = Debug|x64
		{4A267C37-17E9-4CBE-A351-86874BA926D7}.Debug|x64.Build.0 = Debug|x64
		{4A267C37-17E9-4CBE-A351-86874BA926D7}.Debug|x86.ActiveCfg = Debug|Win32
		{4A267C37-17E9-4CBE-A351-86874BA926D7}.Release_NoOpt|x64.ActiveCfg = Release_NoOpt|x64
		{4A267C37-17E9-4CBE-A351-86874BA926D7}.Release_NoOpt|x64.Build.0 = Release_NoOpt|x64
		{4A267C37-17E9-4CBE-A351-86874BA926D7}.Release_NoOpt|x86.ActiveCfg = Release_NoOpt|Win32
		{4A267C37-17E9-4CBE-A351-86874BA926D7}.Release|x64.ActiveCfg = Release|x64
		{4A267C37-17E9-4CBE-A351-86874BA926D7}.Release|x64.Build.0 = Release|x64
		{4A267C37-17E9-4CBE-A351-86874BA926D7}.Release|x86.ActiveCfg = Release|Win32
		{FD658A50-2D36-4BB4-8EDA-635BF71B4CDB}.Debug|x64.ActiveCfg = Debug|x64
		{FD658A50-2D36-4BB4-8EDA-635BF71B4CDB}.Debug|x64.Build.0 = Debug|x64
		{FD658A50-2D36-4BB4-8EDA-635BF71B4CDB}.Debug|x86.ActiveCfg = Debug|Win32
		{FD658A50-2D36-4BB4-8EDA-635BF71B4CDB}.Release_NoOpt|x64.ActiveCfg = Release_NoOpt|x64
		{FD658A50-2D36-4BB4-8EDA-635BF71B4CDB}.Release_NoOpt|x64.Build.0 = Release_NoOpt|x64
		{FD658A50-2D36-4BB4-8EDA-635BF71B4CDB}.Release_NoOpt|x86.ActiveCfg = Release_NoOpt|Win32
		{FD658A50-2D36-4BB4-8EDA-635BF71B4CDB}.Release|x64.ActiveCfg = Release|x64
		{FD658A50-2D36-4BB4-8EDA-635BF71B4CDB}.Release|x64.Build.0 = Release|x64
		{FD658A50-2D36-4BB4-8EDA-635BF71B4CDB}.Release|x86.ActiveCfg = Release|Win32
		{5C440513-1E58-48E7-9C0D-A22ACD67B5C2}.Debug|x64.ActiveCfg = Debug|x64
		{5C440513-1E58-48E7-9C0D-A22ACD67B5C2}.Debug|x64.Build.0 = Debug|x64
		{5C440513-1E58-48E7-9C0D-A22ACD67B5C2}.Debug|x86.ActiveCfg = Debug|Win32
		{5C440513-1E58-48E7-9C0D-A22ACD67B5C2}.Release_NoOpt|x64.ActiveCfg = Release_NoOpt|x64
		{5C440513-1E58-48E7-9C0D-A22ACD67B5C2}.Release_NoOpt|x64.Build.0 = Release_NoOpt|x64
		{5C440513-1E58-48E7-9C0D-A22ACD67B5C2}.Release_NoOpt|x86.ActiveCfg = Release_NoOpt|Win32
		{5C440513-1E58-48E7-9C0D-A22ACD67B5C2}.Release|x64.ActiveCfg = Release|x64
		{5C440513-1E58-48E7-9C0D-A22ACD67B5C2}.Release|x64.Build.0 = Release|x64
		{5C440513-1E58-48E7-9C0D-A22ACD67B5C2}.Release|x86.ActiveCfg = Release|Win32
		{E1F08226-828D-4354-8128-2AE1B91FBD4F}.Debug|x64.ActiveCfg = Debug|x64
		{E1F08226-828D-4354-8128-2AE1B91FBD4F}.Debug|x64.Build.0 = Debug|x64
		{E1F08226-828D-4354-8128-2AE1B91FBD4F}.Debug|x86.ActiveCfg = Debug|Win32
		{E1F08226-828D-4354-8128-2AE1B91FBD4F}.Release_NoOpt|x64.ActiveCfg = Release_NoOpt|x64
		{E1F08226-828D-4354-8128-2AE1B91FBD4F}.Release_NoOpt|x64.Build.0 = Release_NoOpt|x64
		{E1F08226-828D-4354-8128-2AE1B91FBD4F}.Release_NoOpt|x86.ActiveCfg = Release_NoOpt|Win32
		{E1F08226-828D-4354-8128-2AE1B91FBD4F}.Release|x64.ActiveCfg = Release|x64
		{E1F08226-828D-4354-8128-2AE1B91FBD4F}.Release|x64.Build.0 = Release|x64
		{E1F08226-828D-4354-8128-2AE1B91FBD4F}.Release|x86.ActiveCfg = Release|Win32
		{FE014A80-D3A5-4C84-A085-B7F48F0C9DBD}.Debug|x64.ActiveCfg = Debug|x64
		{FE014A80-D3A5-4C84-A085-B7F48F0C9DBD}.Debug|x64.Build.0 = Debug|x64
		{FE014A80-D3A5-4C84-A085-B7F48F0C9DBD}.Debug|x86.ActiveCfg = Debug|Win32
		{FE014A80-D3A5-4C84-A085-B7F48F0C9DBD}.Release_NoOpt|x64.ActiveCfg = Release_NoOpt|x64
		{FE014A80-D3A5-4C84-A085-B7F48F0C9DBD}.Release_NoOpt|x64.Build.0 = Release_NoOpt|x64
		{FE014A80-D3A5-4C84-A085-B7F48F0C9DBD}.Release_NoOpt|x86.ActiveCfg = Release_NoOpt|Win32
		{FE014A80-D3A5-4C84-A085-B7F48F0C9DBD}.Release|x64.ActiveCfg = Release|x64
		{FE014A80-D3A5-4C84-A085-B7F48F0C9DBD}.Release|x64.Build.0 = Release|x64
		{FE014A80-D3A5-4C84-A085-B7F48F0C9DBD}.Release|x86.ActiveCfg = Release|Win32
		{9A6533F2-0D9F-4310-8626-42B27B5546D3}.Debug|x64.ActiveCfg = Debug|x64
		{9A6533F2-0D9F-4310-8626-42B27B5546D3}.Debug|x64.Build.0 = Debug|x64
		{9A6533F2-0D9F-4310-8626-42B27B5546D3}.Debug|x86.ActiveCfg = Debug|Win32
		{9A6533F2-0D9F-4310-8626-42B27B5546D3}.Release_NoOpt|x64.ActiveCfg = Release_NoOpt|x64
		{9A6533F2-0D9F-4310-8626-42B27B5546D3}.Release_NoOpt|x64.Build.0 = Release_NoOpt|x64
		{9A6533F2-0D9F-4310-8626-42B27B5546D3}.Release_NoOpt|x86.ActiveCfg = Release_NoOpt|Win32
		{9A6533F2-0D9F-4310-8626-42B27B5546D3}.Release|x64.ActiveCfg = Release|x64
		{9A6533F2-0D9F-4310-8626-42B27B5546D3}.Release|x64.Build.0 = Release|x64
		{9A6533F2-0D9F-4310-8626-42B27B5546D3}.Release|x86.ActiveCfg = Release|Win32
		{97920097-3E86-410D-8D98-A2ECAD02A35F}.Debug|x64.ActiveCfg = Debug|x64
		{97920097-3E86-410D-8D98-A2ECAD02A35F}.Debug|x64.Build.0 = Debug|x64
		{97920097-3E86-410D-8D98-A2ECAD02A35F}.Debug|x86.ActiveCfg = Debug|Win32
		{97920097-3E86-410D-8D98-A2ECAD02A35F}.Release_NoOpt|x64.ActiveCfg = Release_NoOpt|x64
		{97920097-3E86-410D-8D98-A2ECAD02A35F}.Release_NoOpt|x64.Build.0 = Release_NoOpt|x64
		{97920097-3E86-410D-8D98-A2ECAD02A35F}.Release_NoOpt|x86.ActiveCfg = Release_NoOpt|Win32
		{97920097-3E86-410D-8D98-A2ECAD02A35F}.Release|x64.ActiveCfg = Release|x64
		{97920097-3E86-410D-8D98-A2ECAD02A35F}.Release|x64.Build.0 = Release|x64
		{97920097-3E86-410D-8D98-A2ECAD02A35F}.Release|x86.ActiveCfg = Release|Win32
		{58935F99-A95D-4DA2-BAA8-6E2F263C8E24}.Debug|x64.ActiveCfg = Debug|x64
		{58935F99-A95D-4DA2-BAA8-6E2F263C8E24}.Debug|x64.Build.0 = Debug|x64
		{58935F99-A95D-4DA2-BAA8-6E2F263C8E24}.Debug|x86.ActiveCfg = Debug|Win32
		{58935F99-A95D-4DA2-BAA8-6E2F263C8E24}.Release_NoOpt|x64.ActiveCfg = Release_NoOpt|x64
		{58935F99-A95D-4DA2-BAA8-6E2F263C8E24}.Release_NoOpt|x64.Build.0 = Release_NoOpt|x64
		{58935F99-A95D-4DA2-BAA8-6E2F263C8E24}.Release_NoOpt|x86.ActiveCfg = Release_NoOpt|Win32
		{58935F99-A95D-4DA2-BAA8-6E2F263C8E24}.Release|x64.ActiveCfg = Release|x64
		{58935F99-A95D-4DA2-BAA8-6E2F263C8E24}.Release|x64.Build.0 = Release|x64
		{58935F99-A95D-4DA2-BAA8-6E2F263C8E24}.Release|x86.ActiveCfg = Release|Win32
		{2E1E0F10-B5EA-4EEC-AAB9-C0DCBF67B306}.Debug|x64.ActiveCfg = Debug|x64
		{2E1E0F10-B5EA-4EEC-AAB9-C0DCBF67B306}.Debug|x64.Build.0 = Debug|x64
		{2E1E0F10-B5EA-4EEC-AAB9-C0DCBF67B306}.Debug|x86.ActiveCfg = Debug|Win32
		{2E1E0F10-B5EA-4EEC-AAB9-C0DCBF67B306}.Release_NoOpt|x64.ActiveCfg = Release_NoOpt|x64
		{2E1E0F10-B5EA-4EEC-AAB9-C0DCBF67B306}.Release_NoOpt|x64.Build.0 = Release_NoOpt|x64
		{2E1E0F10-B5EA-4EEC-AAB9-C0DCBF67B306}.Release_NoOpt|x86.ActiveCfg = Release_NoOpt|Win32
		{2E1E0F10-B5EA-4EEC-AAB9-C0DCBF67B306}.Release|x64.ActiveCfg = Release|x64
		{2E1E0F10-B5EA-4EEC-AAB9-C0DCBF67B306}.Release|x64.Build.0 = Release|x64
		{2E1E0F10-B5EA-4EEC-AAB9-C0DCBF67B306}.Release|x86.ActiveCfg = Release|Win32
		{1582AC48-8338-476D-82F9-673ED6EF0F2E}.Debug|x64.ActiveCfg = Debug|x64
		{1582AC48-8338-476D-82F9-673ED6EF0F2E}.Debug|x64.Build.0 = Debug|x64
		{1582AC48-8338-476D-82F9-673ED6EF0F2E}.Debug|x86.ActiveCfg = Debug|Win32
		{1582AC48-8338-476D-82F9-673ED6EF0F2E}.Release_NoOpt|x64.ActiveCfg = Release_NoOpt|x64
		{1582AC48-8338-476D-82F9-673ED6EF0F2E}.Release_NoOpt|x64.Build.0 = Release_NoOpt|x64
		{1582AC48-8338-476D-82F9-673ED6EF0F2E}.Release_NoOpt|x86.ActiveCfg = Release_NoOpt|Win32
		{1582AC48-8338-476D-82F9-673ED6EF0F2E}.Release|x64.ActiveCfg = Release|x64
		{1582AC48-8338-476D-82F9-673ED6EF0F2E}.Release|x64.Build.0 = Release|x64
		{1582AC48-8338-476D-82F9-673ED6EF0F2E}.Release|x86.ActiveCfg = Release|Win32
		{E828F5FB-D914-4891-8BE0-737DD73F06AB}.Debug|x64.ActiveCfg = Debug|x64
		{E828F5FB-D914-4891-8BE0-737DD73F06AB}.Debug|x64.Build.0 = Debug|x64
		{E828F5FB-D914-4891-8BE0-737DD73F06AB}.Debug|x86.ActiveCfg = Debug|Win32
		{E828F5FB-D914-4891-8BE0-737DD73F06AB}.Release_NoOpt|x64.ActiveCfg = Release_NoOpt|x64
		{E828F5FB-D914-4891-8BE0-737DD73F06AB}.Release_NoOpt|x64.Build.0 = Release_NoOpt|x64
		{E828F5FB-D914-4891-8BE0-737DD73F06AB}.Release_NoOpt|x86.ActiveCfg = Release_NoOpt|Win32
		{E828F5FB-D914-4891-8BE0-737DD73F06AB}.Release|x64.ActiveCfg = Release|x64
		{E828F5FB-D914-4891-8BE0-737DD73F06AB}.Release|x64.Build.0 = Release|x64
		{E828F5FB-D914-4891-8BE0-737DD73F06AB}.Release|x86.ActiveCfg = Release|Win32
		{33E3F11C-2671-4378-A346-EACEFB26D0C7}.Debug|x64.ActiveCfg = Debug|x64
		{33E3F11C-2671-4378-A346-EACEFB26D0C7}.Debug|x64.Build.0 = Debug|x64
		{33E3F11C-2671-4378-A346-EACEFB26D0C7}.Debug|x86.ActiveCfg = Debug|Win32
		{33E3F11C-2671-4378-A346-EACEFB26D0C7}.Release_NoOpt|x64.ActiveCfg = Release_NoOpt|x64
		{33E3F11C-2671-4378-A346-EACEFB26D0C7}.Release_NoOpt|x64.Build.0 = Release_NoOpt|x64
		{33E3F11C-2671-4378-A346-EACEFB26D0C7}.Release_NoOpt|x86.ActiveCfg = Release_NoOpt|Win32
		{33E3F11C-2671-4378-A346-EACEFB26D0C7}.Release|x64.ActiveCfg = Release|x64
		{33E3F11C-2671-4378-A346-EACEFB26D0C7}.Release|x64.Build.0 = Release|x64
		{33E3F11C-2671-4378-A346-EACEFB26D0C7}.Release|x86.ActiveCfg = Release|Win32
		{086F3AFE-4515-4327-9B8A-C083B6EC8A05}.Debug|x64.ActiveCfg = Debug|x64
		{086F3AFE-4515-4327-9B8A-C083B6EC8A05}.Debug|x64.Build.0 = Debug|x64
		{086F3AFE-4515-4327-9B8A-C083B6EC8A05}.Debug|x86.ActiveCfg = Debug|Win32
		{086F3AFE-4515-4327-9B8A-C083B6EC8A05}.Release_NoOpt|x64.ActiveCfg = Release_NoOpt|x64
		{086F3AFE-4515-4327-9B8A-C083B6EC8A05}.Release_NoOpt|x64.Build.0 = Release_NoOpt|x64
		{086F3AFE-4515-4327-9B8A-C083B6EC8A05}.Release_NoOpt|x86.ActiveCfg = Release_NoOpt|Win32
		{086F3AFE-4515-4327-9B8A-C083B6EC8A05}.Release|x64.ActiveCfg = Release|x64
		{086F3AFE-4515-4327-9B8A-C083B6EC8A05}.Release|x64.Build.0 = Release|x64
		{086F3AFE-4515-4327-9B8A-C083B6EC8A05}.Release|x86.ActiveCfg = Release|Win32
		{23117A44-391E-4542-968F-C99C1BAC52C0}.Debug|x64.ActiveCfg = Debug|x64
		{23117A44-391E-4542-968F-C99C1BAC52C0}.Debug|x64.Build.0 = Debug|x64
		{23117A44-391E-4542-968F-C99C1BAC52C0}.Debug|x86.ActiveCfg = Debug|Win32
		{23117A44-391E-4542-968F-C99C1BAC52C0}.Release_NoOpt|x64.ActiveCfg = Release_NoOpt|x64
		{23117A44-391E-4542-968F-C99C1BAC52C0}.Release_NoOpt|x64.Build.0 = Release_NoOpt|x64
		{23117A44-391E-4542-968F-C99C1BAC52C0}.Release_NoOpt|x86.ActiveCfg = Release_NoOpt|Win32
		{23117A44-391E-4542-968F-C99C1BAC52C0}.Release|x64.ActiveCfg = Release|x64
		{23117A44-391E-4542-968F-C99C1BAC52C0}.Release|x64.Build.0 = Release|x64
		{23117A44-391E-4542-968F-C99C1BAC52C0}.Release|x86.ActiveCfg = Release|Win32
	EndGlobalSection
	GlobalSection(SolutionProperties) = preSolution
		HideSolutionNode = FALSE
	EndGlobalSection
	GlobalSection(NestedProjects) = preSolution
		{6614B11E-13DB-40F6-B9DE-B3D47419D872} = {5D8B0878-7665-4653-8F22-84FBD6397D96}
		{F9F07D33-7C6F-435F-8D08-B0530B3EE594} = {5D8B0878-7665-4653-8F22-84FBD6397D96}
		{35BD3327-2FA4-4A92-8790-87ABB17E720B} = {5D8B0878-7665-4653-8F22-84FBD6397D96}
		{2D0D1E03-D6F8-44ED-8ADE-0EE9D4EF7BC9} = {5D8B0878-7665-4653-8F22-84FBD6397D96}
		{EB75B2FD-4CE2-496F-9F5E-52285B811EB9} = {585D5F90-1201-4532-A07C-5DEFE63B8801}
		{AE082870-0E26-479C-9AAB-C7D3C32A55CA} = {585D5F90-1201-4532-A07C-5DEFE63B8801}
		{0A08AF15-0F48-4402-902D-4151FA067F66} = {585D5F90-1201-4532-A07C-5DEFE63B8801}
		{7DA79D73-7E78-48A6-A052-177CDF5E3B3C} = {585D5F90-1201-4532-A07C-5DEFE63B8801}
		{A7C70AFB-E23D-4D19-94E2-F70566155B26} = {F99303E5-6D11-4084-A512-57040D2BF8A3}
		{288DC950-FE81-430A-BA47-933CB0875E8E} = {585D5F90-1201-4532-A07C-5DEFE63B8801}
		{970770A8-F3C4-43AD-B4A0-C076EC6FE610} = {585D5F90-1201-4532-A07C-5DEFE63B8801}
		{C8797AA0-B737-4F09-A6A4-131350B54BC9} = {5D8B0878-7665-4653-8F22-84FBD6397D96}
		{E6362F4A-1E01-45CD-87D3-D4A964683BD5} = {585D5F90-1201-4532-A07C-5DEFE63B8801}
		{84A0648D-8E2E-4CCE-8264-E61EC504C1D3} = {585D5F90-1201-4532-A07C-5DEFE63B8801}
		{2DF8E079-28E5-4E7D-9C6A-FF87C1329EB5} = {585D5F90-1201-4532-A07C-5DEFE63B8801}
		{5FE91C18-2729-4291-80FB-3400C58602B3} = {585D5F90-1201-4532-A07C-5DEFE63B8801}
		{E79B3357-2EC3-4CCC-8A89-FE18A1090465} = {585D5F90-1201-4532-A07C-5DEFE63B8801}
		{7D3A3D30-B44B-4508-8758-77F9DB92B2F4} = {F99303E5-6D11-4084-A512-57040D2BF8A3}
		{4A267C37-17E9-4CBE-A351-86874BA926D7} = {F99303E5-6D11-4084-A512-57040D2BF8A3}
		{FD658A50-2D36-4BB4-8EDA-635BF71B4CDB} = {5D8B0878-7665-4653-8F22-84FBD6397D96}
		{5C440513-1E58-48E7-9C0D-A22ACD67B5C2} = {5D8B0878-7665-4653-8F22-84FBD6397D96}
		{E1F08226-828D-4354-8128-2AE1B91FBD4F} = {5D8B0878-7665-4653-8F22-84FBD6397D96}
		{FE014A80-D3A5-4C84-A085-B7F48F0C9DBD} = {5D8B0878-7665-4653-8F22-84FBD6397D96}
		{9A6533F2-0D9F-4310-8626-42B27B5546D3} = {585D5F90-1201-4532-A07C-5DEFE63B8801}
		{97920097-3E86-410D-8D98-A2ECAD02A35F} = {585D5F90-1201-4532-A07C-5DEFE63B8801}
		{58935F99-A95D-4DA2-BAA8-6E2F263C8E24} = {585D5F90-1201-4532-A07C-5DEFE63B8801}
		{2E1E0F10-B5EA-4EEC-AAB9-C0DCBF67B306} = {585D5F90-1201-4532-A07C-5DEFE63B8801}
		{1582AC48-8338-476D-82F9-673ED6EF0F2E} = {585D5F90-1201-4532-A07C-5DEFE63B8801}
		{E828F5FB-D914-4891-8BE0-737DD73F06AB} = {585D5F90-1201-4532-A07C-5DEFE63B8801}
		{33E3F11C-2671-4378-A346-EACEFB26D0C7} = {F99303E5-6D11-4084-A512-57040D2BF8A3}
		{086F3AFE-4515-4327-9B8A-C083B6EC8A05} = {5D8B0878-7665-4653-8F22-84FBD6397D96}
		{23117A44-391E-4542-968F-C99C1BAC52C0} = {585D5F90-1201-4532-A07C-5DEFE63B8801}
		{585D5F90-1201-4532-A07C-5DEFE63B8801} = {02FD809D-A697-42AE-AECE-C5DEDB4663D5}
		{5D8B0878-7665-4653-8F22-84FBD6397D96} = {02FD809D-A697-42AE-AECE-C5DEDB4663D5}
		{F99303E5-6D11-4084-A512-57040D2BF8A3} = {02FD809D-A697-42AE-AECE-C5DEDB4663D5}
	EndGlobalSection
EndGlobal
